
Microsoft Visual Studio Solution File, Format Version 12.00
# Visual Studio 15
VisualStudioVersion = 15.0.28307.421
MinimumVisualStudioVersion = 10.0.40219.1
Project("{FAE04EC0-301F-11D3-BF4B-00C04F79EFBC}") = "smsSender", "smsSender\smsSender.csproj", "{0B78D204-1EFF-4463-B442-25E7B88A2630}"
EndProject
Project("{FAE04EC0-301F-11D3-BF4B-00C04F79EFBC}") = "smsSenderClassLibrary", "smsSenderClassLibrary\smsSenderClassLibrary.csproj", "{362BCB6F-AD27-4CC7-9F38-67A934F02363}"
EndProject
Global
	GlobalSection(SolutionConfigurationPlatforms) = preSolution
		Debug|Any CPU = Debug|Any CPU
		Release|Any CPU = Release|Any CPU
	EndGlobalSection
	GlobalSection(ProjectConfigurationPlatforms) = postSolution
		{0B78D204-1EFF-4463-B442-25E7B88A2630}.Debug|Any CPU.ActiveCfg = Debug|Any CPU
		{0B78D204-1EFF-4463-B442-25E7B88A2630}.Debug|Any CPU.Build.0 = Debug|Any CPU
		{0B78D204-1EFF-4463-B442-25E7B88A2630}.Release|Any CPU.ActiveCfg = Release|Any CPU
		{0B78D204-1EFF-4463-B442-25E7B88A2630}.Release|Any CPU.Build.0 = Release|Any CPU
		{362BCB6F-AD27-4CC7-9F38-67A934F02363}.Debug|Any CPU.ActiveCfg = Debug|Any CPU
		{362BCB6F-AD27-4CC7-9F38-67A934F02363}.Debug|Any CPU.Build.0 = Debug|Any CPU
		{362BCB6F-AD27-4CC7-9F38-67A934F02363}.Release|Any CPU.ActiveCfg = Release|Any CPU
		{362BCB6F-AD27-4CC7-9F38-67A934F02363}.Release|Any CPU.Build.0 = Release|Any CPU
	EndGlobalSection
	GlobalSection(SolutionProperties) = preSolution
		HideSolutionNode = FALSE
	EndGlobalSection
	GlobalSection(ExtensibilityGlobals) = postSolution
		SolutionGuid = {80BB9013-2AC1-4A8D-AC6C-2F02133E0A93}
	EndGlobalSection
EndGlobal
